
Microsoft Visual Studio Solution File, Format Version 12.00
# Visual Studio Version 16
VisualStudioVersion = 16.0.29911.84
MinimumVisualStudioVersion = 10.0.40219.1
Project("{FAE04EC0-301F-11D3-BF4B-00C04F79EFBC}") = "BorrowIT", "BorrowIT\BorrowIT.csproj", "{0DB4A247-BA9D-407C-AB34-5454E6FE2C46}"
EndProject
Project("{54435603-DBB4-11D2-8724-00A0C9A8B90C}") = "BorrowITSetup", "BorrowITSetup\BorrowITSetup.vdproj", "{9C6AC677-D897-4529-B46A-59157AB31F2D}"
EndProject
Global
	GlobalSection(SolutionConfigurationPlatforms) = preSolution
		Debug|Any CPU = Debug|Any CPU
		Release|Any CPU = Release|Any CPU
	EndGlobalSection
	GlobalSection(ProjectConfigurationPlatforms) = postSolution
		{0DB4A247-BA9D-407C-AB34-5454E6FE2C46}.Debug|Any CPU.ActiveCfg = Debug|Any CPU
		{0DB4A247-BA9D-407C-AB34-5454E6FE2C46}.Debug|Any CPU.Build.0 = Debug|Any CPU
		{0DB4A247-BA9D-407C-AB34-5454E6FE2C46}.Release|Any CPU.ActiveCfg = Release|Any CPU
		{0DB4A247-BA9D-407C-AB34-5454E6FE2C46}.Release|Any CPU.Build.0 = Release|Any CPU
		{9C6AC677-D897-4529-B46A-59157AB31F2D}.Debug|Any CPU.ActiveCfg = Debug
		{9C6AC677-D897-4529-B46A-59157AB31F2D}.Release|Any CPU.ActiveCfg = Release
	EndGlobalSection
	GlobalSection(SolutionProperties) = preSolution
		HideSolutionNode = FALSE
	EndGlobalSection
	GlobalSection(ExtensibilityGlobals) = postSolution
		SolutionGuid = {C676C16F-1D88-425B-9015-1DE12EEC2A25}
	EndGlobalSection
EndGlobal
